
Microsoft Visual Studio Solution File, Format Version 12.00
# Visual Studio Version 17
VisualStudioVersion = 17.0.31808.319
MinimumVisualStudioVersion = 10.0.40219.1
Project("{FAE04EC0-301F-11D3-BF4B-00C04F79EFBC}") = "Reservasi", "Reservasi\Reservasi.csproj", "{02DDEF14-19BA-4AD2-87C9-F3C8ACD85793}"
EndProject
Global
	GlobalSection(SolutionConfigurationPlatforms) = preSolution
		Debug|Any CPU = Debug|Any CPU
		Release|Any CPU = Release|Any CPU
	EndGlobalSection
	GlobalSection(ProjectConfigurationPlatforms) = postSolution
		{02DDEF14-19BA-4AD2-87C9-F3C8ACD85793}.Debug|Any CPU.ActiveCfg = Debug|Any CPU
		{02DDEF14-19BA-4AD2-87C9-F3C8ACD85793}.Debug|Any CPU.Build.0 = Debug|Any CPU
		{02DDEF14-19BA-4AD2-87C9-F3C8ACD85793}.Release|Any CPU.ActiveCfg = Release|Any CPU
		{02DDEF14-19BA-4AD2-87C9-F3C8ACD85793}.Release|Any CPU.Build.0 = Release|Any CPU
	EndGlobalSection
	GlobalSection(SolutionProperties) = preSolution
		HideSolutionNode = FALSE
	EndGlobalSection
	GlobalSection(ExtensibilityGlobals) = postSolution
		SolutionGuid = {A797FDB2-AC56-4FF2-B81B-AF1E60F90C5F}
	EndGlobalSection
EndGlobal
